
Microsoft Visual Studio Solution File, Format Version 12.00
# Visual Studio Version 17
VisualStudioVersion = 17.5.002.0
MinimumVisualStudioVersion = 10.0.40219.1
Project("{9A19103F-16F7-4668-BE54-9A1E7A4F7556}") = "ponderada-s4-m10", "ponderada-s4-m10.csproj", "{A8C11581-9635-4973-8D25-0FA538BC1B33}"
EndProject
Global
	GlobalSection(SolutionConfigurationPlatforms) = preSolution
		Debug|Any CPU = Debug|Any CPU
		Release|Any CPU = Release|Any CPU
	EndGlobalSection
	GlobalSection(ProjectConfigurationPlatforms) = postSolution
		{A8C11581-9635-4973-8D25-0FA538BC1B33}.Debug|Any CPU.ActiveCfg = Debug|Any CPU
		{A8C11581-9635-4973-8D25-0FA538BC1B33}.Debug|Any CPU.Build.0 = Debug|Any CPU
		{A8C11581-9635-4973-8D25-0FA538BC1B33}.Release|Any CPU.ActiveCfg = Release|Any CPU
		{A8C11581-9635-4973-8D25-0FA538BC1B33}.Release|Any CPU.Build.0 = Release|Any CPU
	EndGlobalSection
	GlobalSection(SolutionProperties) = preSolution
		HideSolutionNode = FALSE
	EndGlobalSection
	GlobalSection(ExtensibilityGlobals) = postSolution
		SolutionGuid = {FCC87770-E529-4136-9337-685AF5130D77}
	EndGlobalSection
EndGlobal
