
Microsoft Visual Studio Solution File, Format Version 12.00
# Visual Studio Version 17
VisualStudioVersion = 17.9.34622.214
MinimumVisualStudioVersion = 10.0.40219.1
Project("{FAE04EC0-301F-11D3-BF4B-00C04F79EFBC}") = "ConsoleApp-metrics", "ConsoleApp-metrics\ConsoleApp-metrics.csproj", "{AF25A980-9232-4285-9C6C-3E04245591DD}"
EndProject
Global
	GlobalSection(SolutionConfigurationPlatforms) = preSolution
		Debug|Any CPU = Debug|Any CPU
		Release|Any CPU = Release|Any CPU
	EndGlobalSection
	GlobalSection(ProjectConfigurationPlatforms) = postSolution
		{AF25A980-9232-4285-9C6C-3E04245591DD}.Debug|Any CPU.ActiveCfg = Debug|Any CPU
		{AF25A980-9232-4285-9C6C-3E04245591DD}.Debug|Any CPU.Build.0 = Debug|Any CPU
		{AF25A980-9232-4285-9C6C-3E04245591DD}.Release|Any CPU.ActiveCfg = Release|Any CPU
		{AF25A980-9232-4285-9C6C-3E04245591DD}.Release|Any CPU.Build.0 = Release|Any CPU
	EndGlobalSection
	GlobalSection(SolutionProperties) = preSolution
		HideSolutionNode = FALSE
	EndGlobalSection
	GlobalSection(ExtensibilityGlobals) = postSolution
		SolutionGuid = {97C02F7F-00F2-4A32-9DE8-C2EEFBC236AF}
	EndGlobalSection
EndGlobal
